{
  "name": "libavif-with-gainmap-batch-tool",
  "version": "1.0.0",
  "lockfileVersion": 3,
  "requires": true,
  "packages": {
    "": {
      "name": "libavif-with-gainmap-batch-tool",
      "version": "1.0.0",
      "dependencies": {
        "libavif-with-gainmap": "^0.1.11"
      },
      "engines": {
        "node": ">=18"
      }
    },
    "node_modules/libavif-with-gainmap": {
      "version": "0.1.11",
      "resolved": "https://registry.npmjs.org/libavif-with-gainmap/-/libavif-with-gainmap-0.1.11.tgz",
      "integrity": "sha512-UkownLcJ8tIygwUcHZagH+pDseSpEo0ksvWZILijpataT4Ml76zsW21NiPVKj0qRYIT/0nVVIdOK5IaSzVAJyg==",
      "license": "MIT",
      "bin": {
        "avif-gainmap": "bin/avif-gainmap.js"
      },
      "engines": {
        "node": ">=18"
      }
    }
  }
}
