{
  "name": "libavif-with-gainmap-batch-tool",
  "version": "1.0.0",
  "lockfileVersion": 3,
  "requires": true,
  "packages": {
    "": {
      "name": "libavif-with-gainmap-batch-tool",
      "version": "1.0.0",
      "dependencies": {
        "libavif-with-gainmap": "^0.1.15"
      },
      "engines": {
        "node": ">=18"
      }
    },
    "node_modules/libavif-with-gainmap": {
      "version": "0.1.15",
      "resolved": "https://registry.npmjs.org/libavif-with-gainmap/-/libavif-with-gainmap-0.1.15.tgz",
      "integrity": "sha512-n/pXEP6pmPyhSMNZzxE/mDbaeHtRha4acajcZcAvJW0ti3CazIWoo2aJBiyDIjj00eIK0MuSde9De/6rJDvqqA==",
      "license": "MIT",
      "bin": {
        "avif-gainmap": "bin/avif-gainmap.js"
      },
      "engines": {
        "node": ">=18"
      },
      "optionalDependencies": {
        "libavif-with-gainmap-darwin-arm64": "0.1.15",
        "libavif-with-gainmap-darwin-x64": "0.1.15",
        "libavif-with-gainmap-linux-arm64": "0.1.15",
        "libavif-with-gainmap-linux-x64": "0.1.15",
        "libavif-with-gainmap-win32-x64": "0.1.15"
      }
    },
    "node_modules/libavif-with-gainmap-darwin-arm64": {
      "version": "0.1.15",
      "resolved": "https://registry.npmjs.org/libavif-with-gainmap-darwin-arm64/-/libavif-with-gainmap-darwin-arm64-0.1.15.tgz",
      "integrity": "sha512-dvIAYr49P4ac+F9adUQDAaaXmae/52WqyrirEHNCJepoBtDI3zQVqHl5tXkGj9lcPBaz6SY9Ok3Ee/6lBUHuow==",
      "cpu": [
        "arm64"
      ],
      "license": "MIT",
      "optional": true,
      "os": [
        "darwin"
      ]
    },
    "node_modules/libavif-with-gainmap-darwin-x64": {
      "version": "0.1.15",
      "resolved": "https://registry.npmjs.org/libavif-with-gainmap-darwin-x64/-/libavif-with-gainmap-darwin-x64-0.1.15.tgz",
      "integrity": "sha512-+5WqJ3vs0/857NqEJhjAhHxVydeIZIHSzGhXYVcfEgxDRhfVNSpDTAysROhBAnOe+Mcuo1yHx09qdxJUBcwnJA==",
      "cpu": [
        "x64"
      ],
      "license": "MIT",
      "optional": true,
      "os": [
        "darwin"
      ]
    },
    "node_modules/libavif-with-gainmap-linux-arm64": {
      "version": "0.1.15",
      "resolved": "https://registry.npmjs.org/libavif-with-gainmap-linux-arm64/-/libavif-with-gainmap-linux-arm64-0.1.15.tgz",
      "integrity": "sha512-nFbL2J6Y/ZLC2bKBwHg56gA+ZQCtjHDyrnKGIBoLElynXDtOofDemCfLjlp8VAPYthakysU7iqKB1CxecOiT7Q==",
      "cpu": [
        "arm64"
      ],
      "license": "MIT",
      "optional": true,
      "os": [
        "linux"
      ]
    },
    "node_modules/libavif-with-gainmap-linux-x64": {
      "version": "0.1.15",
      "resolved": "https://registry.npmjs.org/libavif-with-gainmap-linux-x64/-/libavif-with-gainmap-linux-x64-0.1.15.tgz",
      "integrity": "sha512-46wLa1vwlnkEYohCgU48CoAYcgyhn2zYK0LgF0gLKpkWnbd0HLwu4GRc1plhrmKqKzAP3MaUKrW1ipfzhYXIJA==",
      "cpu": [
        "x64"
      ],
      "license": "MIT",
      "optional": true,
      "os": [
        "linux"
      ]
    },
    "node_modules/libavif-with-gainmap-win32-x64": {
      "version": "0.1.15",
      "resolved": "https://registry.npmjs.org/libavif-with-gainmap-win32-x64/-/libavif-with-gainmap-win32-x64-0.1.15.tgz",
      "integrity": "sha512-XTKxw2nmTN8mOozy5USAyrfzCXUWudX3XTJ2gfP4nnfeSxqeiEtmEhLMZXTakGBPnfmH3nq54AvoTq+vI8VD7g==",
      "cpu": [
        "x64"
      ],
      "license": "MIT",
      "optional": true,
      "os": [
        "win32"
      ]
    }
  }
}
