{
  "name": "libavif-with-gainmap-batch-tool",
  "version": "1.0.0",
  "lockfileVersion": 3,
  "requires": true,
  "packages": {
    "": {
      "name": "libavif-with-gainmap-batch-tool",
      "version": "1.0.0",
      "dependencies": {
        "libavif-with-gainmap": "^0.1.12"
      },
      "engines": {
        "node": ">=18"
      }
    },
    "node_modules/libavif-with-gainmap": {
      "version": "0.1.12",
      "resolved": "https://registry.npmjs.org/libavif-with-gainmap/-/libavif-with-gainmap-0.1.12.tgz",
      "integrity": "sha512-1NeinhY2gdf0mmaAKGs1ilESrYz+pCkzno9NW0uDTtq5eeO+NkdvbXeGmWzd1xPKtVk9udw5TNTlZA/2qXT2dA==",
      "license": "MIT",
      "bin": {
        "avif-gainmap": "bin/avif-gainmap.js"
      },
      "engines": {
        "node": ">=18"
      }
    }
  }
}
